// !$*UTF8*$!
{
	archiveVersion = 1;
	classes = {
	};
	objectVersion = 50;
	objects = {

/* Begin PBXBuildFile section */
		0E840353233113AC0040B385 /* AppDelegate.swift in Sources */ = {isa = PBXBuildFile; fileRef = 0E840352233113AC0040B385 /* AppDelegate.swift */; };
		0E840355233113AC0040B385 /* ViewController.swift in Sources */ = {isa = PBXBuildFile; fileRef = 0E840354233113AC0040B385 /* ViewController.swift */; };
		0E840358233113AC0040B385 /* Main.storyboard in Resources */ = {isa = PBXBuildFile; fileRef = 0E840356233113AC0040B385 /* Main.storyboard */; };
		0E84035A233113AD0040B385 /* Assets.xcassets in Resources */ = {isa = PBXBuildFile; fileRef = 0E840359233113AD0040B385 /* Assets.xcassets */; };
		0E84035D233113AD0040B385 /* LaunchScreen.storyboard in Resources */ = {isa = PBXBuildFile; fileRef = 0E84035B233113AD0040B385 /* LaunchScreen.storyboard */; };
		0E840362233113AD0040B385 /* NewsDay WatchKit App.app in Embed Watch Content */ = {isa = PBXBuildFile; fileRef = 0E840361233113AD0040B385 /* NewsDay WatchKit App.app */; };
		0E840368233113AD0040B385 /* Interface.storyboard in Resources */ = {isa = PBXBuildFile; fileRef = 0E840366233113AD0040B385 /* Interface.storyboard */; };
		0E84036A233113AE0040B385 /* Assets.xcassets in Resources */ = {isa = PBXBuildFile; fileRef = 0E840369233113AE0040B385 /* Assets.xcassets */; };
		0E840371233113AE0040B385 /* NewsDay WatchKit Extension.appex in Embed App Extensions */ = {isa = PBXBuildFile; fileRef = 0E840370233113AE0040B385 /* NewsDay WatchKit Extension.appex */; settings = {ATTRIBUTES = (RemoveHeadersOnCopy, ); }; };
		0E840376233113AE0040B385 /* InterfaceController.swift in Sources */ = {isa = PBXBuildFile; fileRef = 0E840375233113AE0040B385 /* InterfaceController.swift */; };
		0E840378233113AE0040B385 /* ExtensionDelegate.swift in Sources */ = {isa = PBXBuildFile; fileRef = 0E840377233113AE0040B385 /* ExtensionDelegate.swift */; };
		0E84037A233113AE0040B385 /* NotificationController.swift in Sources */ = {isa = PBXBuildFile; fileRef = 0E840379233113AE0040B385 /* NotificationController.swift */; };
		0E84037C233113AE0040B385 /* Assets.xcassets in Resources */ = {isa = PBXBuildFile; fileRef = 0E84037B233113AE0040B385 /* Assets.xcassets */; };
/* End PBXBuildFile section */

/* Begin PBXContainerItemProxy section */
		0E840363233113AD0040B385 /* PBXContainerItemProxy */ = {
			isa = PBXContainerItemProxy;
			containerPortal = 0E840347233113AC0040B385 /* Project object */;
			proxyType = 1;
			remoteGlobalIDString = 0E840360233113AD0040B385;
			remoteInfo = "NewsDay WatchKit App";
		};
		0E840372233113AE0040B385 /* PBXContainerItemProxy */ = {
			isa = PBXContainerItemProxy;
			containerPortal = 0E840347233113AC0040B385 /* Project object */;
			proxyType = 1;
			remoteGlobalIDString = 0E84036F233113AE0040B385;
			remoteInfo = "NewsDay WatchKit Extension";
		};
/* End PBXContainerItemProxy section */

/* Begin PBXCopyFilesBuildPhase section */
		0E840384233113AE0040B385 /* Embed App Extensions */ = {
			isa = PBXCopyFilesBuildPhase;
			buildActionMask = 2147483647;
			dstPath = "";
			dstSubfolderSpec = 13;
			files = (
				0E840371233113AE0040B385 /* NewsDay WatchKit Extension.appex in Embed App Extensions */,
			);
			name = "Embed App Extensions";
			runOnlyForDeploymentPostprocessing = 0;
		};
		0E840388233113AE0040B385 /* Embed Watch Content */ = {
			isa = PBXCopyFilesBuildPhase;
			buildActionMask = 2147483647;
			dstPath = "$(CONTENTS_FOLDER_PATH)/Watch";
			dstSubfolderSpec = 16;
			files = (
				0E840362233113AD0040B385 /* NewsDay WatchKit App.app in Embed Watch Content */,
			);
			name = "Embed Watch Content";
			runOnlyForDeploymentPostprocessing = 0;
		};
/* End PBXCopyFilesBuildPhase section */

/* Begin PBXFileReference section */
		0E84034F233113AC0040B385 /* NewsDay.app */ = {isa = PBXFileReference; explicitFileType = wrapper.application; includeInIndex = 0; path = NewsDay.app; sourceTree = BUILT_PRODUCTS_DIR; };
		0E840352233113AC0040B385 /* AppDelegate.swift */ = {isa = PBXFileReference; lastKnownFileType = sourcecode.swift; path = AppDelegate.swift; sourceTree = "<group>"; };
		0E840354233113AC0040B385 /* ViewController.swift */ = {isa = PBXFileReference; lastKnownFileType = sourcecode.swift; path = ViewController.swift; sourceTree = "<group>"; };
		0E840357233113AC0040B385 /* Base */ = {isa = PBXFileReference; lastKnownFileType = file.storyboard; name = Base; path = Base.lproj/Main.storyboard; sourceTree = "<group>"; };
		0E840359233113AD0040B385 /* Assets.xcassets */ = {isa = PBXFileReference; lastKnownFileType = folder.assetcatalog; path = Assets.xcassets; sourceTree = "<group>"; };
		0E84035C233113AD0040B385 /* Base */ = {isa = PBXFileReference; lastKnownFileType = file.storyboard; name = Base; path = Base.lproj/LaunchScreen.storyboard; sourceTree = "<group>"; };
		0E84035E233113AD0040B385 /* Info.plist */ = {isa = PBXFileReference; lastKnownFileType = text.plist.xml; path = Info.plist; sourceTree = "<group>"; };
		0E840361233113AD0040B385 /* NewsDay WatchKit App.app */ = {isa = PBXFileReference; explicitFileType = wrapper.application; includeInIndex = 0; path = "NewsDay WatchKit App.app"; sourceTree = BUILT_PRODUCTS_DIR; };
		0E840367233113AD0040B385 /* Base */ = {isa = PBXFileReference; lastKnownFileType = file.storyboard; name = Base; path = Base.lproj/Interface.storyboard; sourceTree = "<group>"; };
		0E840369233113AE0040B385 /* Assets.xcassets */ = {isa = PBXFileReference; lastKnownFileType = folder.assetcatalog; path = Assets.xcassets; sourceTree = "<group>"; };
		0E84036B233113AE0040B385 /* Info.plist */ = {isa = PBXFileReference; lastKnownFileType = text.plist.xml; path = Info.plist; sourceTree = "<group>"; };
		0E840370233113AE0040B385 /* NewsDay WatchKit Extension.appex */ = {isa = PBXFileReference; explicitFileType = "wrapper.app-extension"; includeInIndex = 0; path = "NewsDay WatchKit Extension.appex"; sourceTree = BUILT_PRODUCTS_DIR; };
		0E840375233113AE0040B385 /* InterfaceController.swift */ = {isa = PBXFileReference; lastKnownFileType = sourcecode.swift; path = InterfaceController.swift; sourceTree = "<group>"; };
		0E840377233113AE0040B385 /* ExtensionDelegate.swift */ = {isa = PBXFileReference; lastKnownFileType = sourcecode.swift; path = ExtensionDelegate.swift; sourceTree = "<group>"; };
		0E840379233113AE0040B385 /* NotificationController.swift */ = {isa = PBXFileReference; lastKnownFileType = sourcecode.swift; path = NotificationController.swift; sourceTree = "<group>"; };
		0E84037B233113AE0040B385 /* Assets.xcassets */ = {isa = PBXFileReference; lastKnownFileType = folder.assetcatalog; path = Assets.xcassets; sourceTree = "<group>"; };
		0E84037D233113AE0040B385 /* Info.plist */ = {isa = PBXFileReference; lastKnownFileType = text.plist.xml; path = Info.plist; sourceTree = "<group>"; };
		0E84037E233113AE0040B385 /* PushNotificationPayload.apns */ = {isa = PBXFileReference; lastKnownFileType = text; path = PushNotificationPayload.apns; sourceTree = "<group>"; };
/* End PBXFileReference section */

/* Begin PBXFrameworksBuildPhase section */
		0E84034C233113AC0040B385 /* Frameworks */ = {
			isa = PBXFrameworksBuildPhase;
			buildActionMask = 2147483647;
			files = (
			);
			runOnlyForDeploymentPostprocessing = 0;
		};
		0E84036D233113AE0040B385 /* Frameworks */ = {
			isa = PBXFrameworksBuildPhase;
			buildActionMask = 2147483647;
			files = (
			);
			runOnlyForDeploymentPostprocessing = 0;
		};
/* End PBXFrameworksBuildPhase section */

/* Begin PBXGroup section */
		0E840346233113AC0040B385 = {
			isa = PBXGroup;
			children = (
				0E840351233113AC0040B385 /* NewsDay */,
				0E840365233113AD0040B385 /* NewsDay WatchKit App */,
				0E840374233113AE0040B385 /* NewsDay WatchKit Extension */,
				0E840350233113AC0040B385 /* Products */,
			);
			sourceTree = "<group>";
		};
		0E840350233113AC0040B385 /* Products */ = {
			isa = PBXGroup;
			children = (
				0E84034F233113AC0040B385 /* NewsDay.app */,
				0E840361233113AD0040B385 /* NewsDay WatchKit App.app */,
				0E840370233113AE0040B385 /* NewsDay WatchKit Extension.appex */,
			);
			name = Products;
			sourceTree = "<group>";
		};
		0E840351233113AC0040B385 /* NewsDay */ = {
			isa = PBXGroup;
			children = (
				0E840352233113AC0040B385 /* AppDelegate.swift */,
				0E840354233113AC0040B385 /* ViewController.swift */,
				0E840356233113AC0040B385 /* Main.storyboard */,
				0E840359233113AD0040B385 /* Assets.xcassets */,
				0E84035B233113AD0040B385 /* LaunchScreen.storyboard */,
				0E84035E233113AD0040B385 /* Info.plist */,
			);
			path = NewsDay;
			sourceTree = "<group>";
		};
		0E840365233113AD0040B385 /* NewsDay WatchKit App */ = {
			isa = PBXGroup;
			children = (
				0E840366233113AD0040B385 /* Interface.storyboard */,
				0E840369233113AE0040B385 /* Assets.xcassets */,
				0E84036B233113AE0040B385 /* Info.plist */,
			);
			path = "NewsDay WatchKit App";
			sourceTree = "<group>";
		};
		0E840374233113AE0040B385 /* NewsDay WatchKit Extension */ = {
			isa = PBXGroup;
			children = (
				0E840375233113AE0040B385 /* InterfaceController.swift */,
				0E840377233113AE0040B385 /* ExtensionDelegate.swift */,
				0E840379233113AE0040B385 /* NotificationController.swift */,
				0E84037B233113AE0040B385 /* Assets.xcassets */,
				0E84037D233113AE0040B385 /* Info.plist */,
				0E84037E233113AE0040B385 /* PushNotificationPayload.apns */,
			);
			path = "NewsDay WatchKit Extension";
			sourceTree = "<group>";
		};
/* End PBXGroup section */

/* Begin PBXNativeTarget section */
		0E84034E233113AC0040B385 /* NewsDay */ = {
			isa = PBXNativeTarget;
			buildConfigurationList = 0E840389233113AE0040B385 /* Build configuration list for PBXNativeTarget "NewsDay" */;
			buildPhases = (
				0E84034B233113AC0040B385 /* Sources */,
				0E84034C233113AC0040B385 /* Frameworks */,
				0E84034D233113AC0040B385 /* Resources */,
				0E840388233113AE0040B385 /* Embed Watch Content */,
			);
			buildRules = (
			);
			dependencies = (
				0E840364233113AD0040B385 /* PBXTargetDependency */,
			);
			name = NewsDay;
			productName = NewsDay;
			productReference = 0E84034F233113AC0040B385 /* NewsDay.app */;
			productType = "com.apple.product-type.application";
		};
		0E840360233113AD0040B385 /* NewsDay WatchKit App */ = {
			isa = PBXNativeTarget;
			buildConfigurationList = 0E840385233113AE0040B385 /* Build configuration list for PBXNativeTarget "NewsDay WatchKit App" */;
			buildPhases = (
				0E84035F233113AD0040B385 /* Resources */,
				0E840384233113AE0040B385 /* Embed App Extensions */,
			);
			buildRules = (
			);
			dependencies = (
				0E840373233113AE0040B385 /* PBXTargetDependency */,
			);
			name = "NewsDay WatchKit App";
			productName = "NewsDay WatchKit App";
			productReference = 0E840361233113AD0040B385 /* NewsDay WatchKit App.app */;
			productType = "com.apple.product-type.application.watchapp2";
		};
		0E84036F233113AE0040B385 /* NewsDay WatchKit Extension */ = {
			isa = PBXNativeTarget;
			buildConfigurationList = 0E840381233113AE0040B385 /* Build configuration list for PBXNativeTarget "NewsDay WatchKit Extension" */;
			buildPhases = (
				0E84036C233113AE0040B385 /* Sources */,
				0E84036D233113AE0040B385 /* Frameworks */,
				0E84036E233113AE0040B385 /* Resources */,
			);
			buildRules = (
			);
			dependencies = (
			);
			name = "NewsDay WatchKit Extension";
			productName = "NewsDay WatchKit Extension";
			productReference = 0E840370233113AE0040B385 /* NewsDay WatchKit Extension.appex */;
			productType = "com.apple.product-type.watchkit2-extension";
		};
/* End PBXNativeTarget section */

/* Begin PBXProject section */
		0E840347233113AC0040B385 /* Project object */ = {
			isa = PBXProject;
			attributes = {
				LastSwiftUpdateCheck = 1030;
				LastUpgradeCheck = 1030;
				ORGANIZATIONNAME = "Norberto Taveras";
				TargetAttributes = {
					0E84034E233113AC0040B385 = {
						CreatedOnToolsVersion = 10.3;
					};
					0E840360233113AD0040B385 = {
						CreatedOnToolsVersion = 10.3;
					};
					0E84036F233113AE0040B385 = {
						CreatedOnToolsVersion = 10.3;
					};
				};
			};
			buildConfigurationList = 0E84034A233113AC0040B385 /* Build configuration list for PBXProject "NewsDay" */;
			compatibilityVersion = "Xcode 9.3";
			developmentRegion = en;
			hasScannedForEncodings = 0;
			knownRegions = (
				en,
				Base,
			);
			mainGroup = 0E840346233113AC0040B385;
			productRefGroup = 0E840350233113AC0040B385 /* Products */;
			projectDirPath = "";
			projectRoot = "";
			targets = (
				0E84034E233113AC0040B385 /* NewsDay */,
				0E840360233113AD0040B385 /* NewsDay WatchKit App */,
				0E84036F233113AE0040B385 /* NewsDay WatchKit Extension */,
			);
		};
/* End PBXProject section */

/* Begin PBXResourcesBuildPhase section */
		0E84034D233113AC0040B385 /* Resources */ = {
			isa = PBXResourcesBuildPhase;
			buildActionMask = 2147483647;
			files = (
				0E84035D233113AD0040B385 /* LaunchScreen.storyboard in Resources */,
				0E84035A233113AD0040B385 /* Assets.xcassets in Resources */,
				0E840358233113AC0040B385 /* Main.storyboard in Resources */,
			);
			runOnlyForDeploymentPostprocessing = 0;
		};
		0E84035F233113AD0040B385 /* Resources */ = {
			isa = PBXResourcesBuildPhase;
			buildActionMask = 2147483647;
			files = (
				0E84036A233113AE0040B385 /* Assets.xcassets in Resources */,
				0E840368233113AD0040B385 /* Interface.storyboard in Resources */,
			);
			runOnlyForDeploymentPostprocessing = 0;
		};
		0E84036E233113AE0040B385 /* Resources */ = {
			isa = PBXResourcesBuildPhase;
			buildActionMask = 2147483647;
			files = (
				0E84037C233113AE0040B385 /* Assets.xcassets in Resources */,
			);
			runOnlyForDeploymentPostprocessing = 0;
		};
/* End PBXResourcesBuildPhase section */

/* Begin PBXSourcesBuildPhase section */
		0E84034B233113AC0040B385 /* Sources */ = {
			isa = PBXSourcesBuildPhase;
			buildActionMask = 2147483647;
			files = (
				0E840355233113AC0040B385 /* ViewController.swift in Sources */,
				0E840353233113AC0040B385 /* AppDelegate.swift in Sources */,
			);
			runOnlyForDeploymentPostprocessing = 0;
		};
		0E84036C233113AE0040B385 /* Sources */ = {
			isa = PBXSourcesBuildPhase;
			buildActionMask = 2147483647;
			files = (
				0E84037A233113AE0040B385 /* NotificationController.swift in Sources */,
				0E840378233113AE0040B385 /* ExtensionDelegate.swift in Sources */,
				0E840376233113AE0040B385 /* InterfaceController.swift in Sources */,
			);
			runOnlyForDeploymentPostprocessing = 0;
		};
/* End PBXSourcesBuildPhase section */

/* Begin PBXTargetDependency section */
		0E840364233113AD0040B385 /* PBXTargetDependency */ = {
			isa = PBXTargetDependency;
			target = 0E840360233113AD0040B385 /* NewsDay WatchKit App */;
			targetProxy = 0E840363233113AD0040B385 /* PBXContainerItemProxy */;
		};
		0E840373233113AE0040B385 /* PBXTargetDependency */ = {
			isa = PBXTargetDependency;
			target = 0E84036F233113AE0040B385 /* NewsDay WatchKit Extension */;
			targetProxy = 0E840372233113AE0040B385 /* PBXContainerItemProxy */;
		};
/* End PBXTargetDependency section */

/* Begin PBXVariantGroup section */
		0E840356233113AC0040B385 /* Main.storyboard */ = {
			isa = PBXVariantGroup;
			children = (
				0E840357233113AC0040B385 /* Base */,
			);
			name = Main.storyboard;
			sourceTree = "<group>";
		};
		0E84035B233113AD0040B385 /* LaunchScreen.storyboard */ = {
			isa = PBXVariantGroup;
			children = (
				0E84035C233113AD0040B385 /* Base */,
			);
			name = LaunchScreen.storyboard;
			sourceTree = "<group>";
		};
		0E840366233113AD0040B385 /* Interface.storyboard */ = {
			isa = PBXVariantGroup;
			children = (
				0E840367233113AD0040B385 /* Base */,
			);
			name = Interface.storyboard;
			sourceTree = "<group>";
		};
/* End PBXVariantGroup section */

/* Begin XCBuildConfiguration section */
		0E84037F233113AE0040B385 /* Debug */ = {
			isa = XCBuildConfiguration;
			buildSettings = {
				ALWAYS_SEARCH_USER_PATHS = NO;
				CLANG_ANALYZER_NONNULL = YES;
				CLANG_ANALYZER_NUMBER_OBJECT_CONVERSION = YES_AGGRESSIVE;
				CLANG_CXX_LANGUAGE_STANDARD = "gnu++14";
				CLANG_CXX_LIBRARY = "libc++";
				CLANG_ENABLE_MODULES = YES;
				CLANG_ENABLE_OBJC_ARC = YES;
				CLANG_ENABLE_OBJC_WEAK = YES;
				CLANG_WARN_BLOCK_CAPTURE_AUTORELEASING = YES;
				CLANG_WARN_BOOL_CONVERSION = YES;
				CLANG_WARN_COMMA = YES;
				CLANG_WARN_CONSTANT_CONVERSION = YES;
				CLANG_WARN_DEPRECATED_OBJC_IMPLEMENTATIONS = YES;
				CLANG_WARN_DIRECT_OBJC_ISA_USAGE = YES_ERROR;
				CLANG_WARN_DOCUMENTATION_COMMENTS = YES;
				CLANG_WARN_EMPTY_BODY = YES;
				CLANG_WARN_ENUM_CONVERSION = YES;
				CLANG_WARN_INFINITE_RECURSION = YES;
				CLANG_WARN_INT_CONVERSION = YES;
				CLANG_WARN_NON_LITERAL_NULL_CONVERSION = YES;
				CLANG_WARN_OBJC_IMPLICIT_RETAIN_SELF = YES;
				CLANG_WARN_OBJC_LITERAL_CONVERSION = YES;
				CLANG_WARN_OBJC_ROOT_CLASS = YES_ERROR;
				CLANG_WARN_RANGE_LOOP_ANALYSIS = YES;
				CLANG_WARN_STRICT_PROTOTYPES = YES;
				CLANG_WARN_SUSPICIOUS_MOVE = YES;
				CLANG_WARN_UNGUARDED_AVAILABILITY = YES_AGGRESSIVE;
				CLANG_WARN_UNREACHABLE_CODE = YES;
				CLANG_WARN__DUPLICATE_METHOD_MATCH = YES;
				CODE_SIGN_IDENTITY = "iPhone Developer";
				COPY_PHASE_STRIP = NO;
				DEBUG_INFORMATION_FORMAT = dwarf;
				ENABLE_STRICT_OBJC_MSGSEND = YES;
				ENABLE_TESTABILITY = YES;
				GCC_C_LANGUAGE_STANDARD = gnu11;
				GCC_DYNAMIC_NO_PIC = NO;
				GCC_NO_COMMON_BLOCKS = YES;
				GCC_OPTIMIZATION_LEVEL = 0;
				GCC_PREPROCESSOR_DEFINITIONS = (
					"DEBUG=1",
					"$(inherited)",
				);
				GCC_WARN_64_TO_32_BIT_CONVERSION = YES;
				GCC_WARN_ABOUT_RETURN_TYPE = YES_ERROR;
				GCC_WARN_UNDECLARED_SELECTOR = YES;
				GCC_WARN_UNINITIALIZED_AUTOS = YES_AGGRESSIVE;
				GCC_WARN_UNUSED_FUNCTION = YES;
				GCC_WARN_UNUSED_VARIABLE = YES;
				IPHONEOS_DEPLOYMENT_TARGET = 12.4;
				MTL_ENABLE_DEBUG_INFO = INCLUDE_SOURCE;
				MTL_FAST_MATH = YES;
				ONLY_ACTIVE_ARCH = YES;
				SDKROOT = iphoneos;
				SWIFT_ACTIVE_COMPILATION_CONDITIONS = DEBUG;
				SWIFT_OPTIMIZATION_LEVEL = "-Onone";
			};
			name = Debug;
		};
		0E840380233113AE0040B385 /* Release */ = {
			isa = XCBuildConfiguration;
			buildSettings = {
				ALWAYS_SEARCH_USER_PATHS = NO;
				CLANG_ANALYZER_NONNULL = YES;
				CLANG_ANALYZER_NUMBER_OBJECT_CONVERSION = YES_AGGRESSIVE;
				CLANG_CXX_LANGUAGE_STANDARD = "gnu++14";
				CLANG_CXX_LIBRARY = "libc++";
				CLANG_ENABLE_MODULES = YES;
				CLANG_ENABLE_OBJC_ARC = YES;
				CLANG_ENABLE_OBJC_WEAK = YES;
				CLANG_WARN_BLOCK_CAPTURE_AUTORELEASING = YES;
				CLANG_WARN_BOOL_CONVERSION = YES;
				CLANG_WARN_COMMA = YES;
				CLANG_WARN_CONSTANT_CONVERSION = YES;
				CLANG_WARN_DEPRECATED_OBJC_IMPLEMENTATIONS = YES;
				CLANG_WARN_DIRECT_OBJC_ISA_USAGE = YES_ERROR;
				CLANG_WARN_DOCUMENTATION_COMMENTS = YES;
				CLANG_WARN_EMPTY_BODY = YES;
				CLANG_WARN_ENUM_CONVERSION = YES;
				CLANG_WARN_INFINITE_RECURSION = YES;
				CLANG_WARN_INT_CONVERSION = YES;
				CLANG_WARN_NON_LITERAL_NULL_CONVERSION = YES;
				CLANG_WARN_OBJC_IMPLICIT_RETAIN_SELF = YES;
				CLANG_WARN_OBJC_LITERAL_CONVERSION = YES;
				CLANG_WARN_OBJC_ROOT_CLASS = YES_ERROR;
				CLANG_WARN_RANGE_LOOP_ANALYSIS = YES;
				CLANG_WARN_STRICT_PROTOTYPES = YES;
				CLANG_WARN_SUSPICIOUS_MOVE = YES;
				CLANG_WARN_UNGUARDED_AVAILABILITY = YES_AGGRESSIVE;
				CLANG_WARN_UNREACHABLE_CODE = YES;
				CLANG_WARN__DUPLICATE_METHOD_MATCH = YES;
				CODE_SIGN_IDENTITY = "iPhone Developer";
				COPY_PHASE_STRIP = NO;
				DEBUG_INFORMATION_FORMAT = "dwarf-with-dsym";
				ENABLE_NS_ASSERTIONS = NO;
				ENABLE_STRICT_OBJC_MSGSEND = YES;
				GCC_C_LANGUAGE_STANDARD = gnu11;
				GCC_NO_COMMON_BLOCKS = YES;
				GCC_WARN_64_TO_32_BIT_CONVERSION = YES;
				GCC_WARN_ABOUT_RETURN_TYPE = YES_ERROR;
				GCC_WARN_UNDECLARED_SELECTOR = YES;
				GCC_WARN_UNINITIALIZED_AUTOS = YES_AGGRESSIVE;
				GCC_WARN_UNUSED_FUNCTION = YES;
				GCC_WARN_UNUSED_VARIABLE = YES;
				IPHONEOS_DEPLOYMENT_TARGET = 12.4;
				MTL_ENABLE_DEBUG_INFO = NO;
				MTL_FAST_MATH = YES;
				SDKROOT = iphoneos;
				SWIFT_COMPILATION_MODE = wholemodule;
				SWIFT_OPTIMIZATION_LEVEL = "-O";
				VALIDATE_PRODUCT = YES;
			};
			name = Release;
		};
		0E840382233113AE0040B385 /* Debug */ = {
			isa = XCBuildConfiguration;
			buildSettings = {
				ASSETCATALOG_COMPILER_COMPLICATION_NAME = Complication;
				CODE_SIGN_STYLE = Automatic;
				DEVELOPMENT_TEAM = 8TZB36BTPB;
				INFOPLIST_FILE = "NewsDay WatchKit Extension/Info.plist";
				LD_RUNPATH_SEARCH_PATHS = (
					"$(inherited)",
					"@executable_path/Frameworks",
					"@executable_path/../../Frameworks",
				);
				PRODUCT_BUNDLE_IDENTIFIER = com.norbertotaveras.NewsDay.watchkitapp.watchkitextension;
				PRODUCT_NAME = "${TARGET_NAME}";
				SDKROOT = watchos;
				SKIP_INSTALL = YES;
				SWIFT_VERSION = 5.0;
				TARGETED_DEVICE_FAMILY = 4;
				WATCHOS_DEPLOYMENT_TARGET = 5.3;
			};
			name = Debug;
		};
		0E840383233113AE0040B385 /* Release */ = {
			isa = XCBuildConfiguration;
			buildSettings = {
				ASSETCATALOG_COMPILER_COMPLICATION_NAME = Complication;
				CODE_SIGN_STYLE = Automatic;
				DEVELOPMENT_TEAM = 8TZB36BTPB;
				INFOPLIST_FILE = "NewsDay WatchKit Extension/Info.plist";
				LD_RUNPATH_SEARCH_PATHS = (
					"$(inherited)",
					"@executable_path/Frameworks",
					"@executable_path/../../Frameworks",
				);
				PRODUCT_BUNDLE_IDENTIFIER = com.norbertotaveras.NewsDay.watchkitapp.watchkitextension;
				PRODUCT_NAME = "${TARGET_NAME}";
				SDKROOT = watchos;
				SKIP_INSTALL = YES;
				SWIFT_VERSION = 5.0;
				TARGETED_DEVICE_FAMILY = 4;
				WATCHOS_DEPLOYMENT_TARGET = 5.3;
			};
			name = Release;
		};
		0E840386233113AE0040B385 /* Debug */ = {
			isa = XCBuildConfiguration;
			buildSettings = {
				ALWAYS_EMBED_SWIFT_STANDARD_LIBRARIES = YES;
				ASSETCATALOG_COMPILER_APPICON_NAME = AppIcon;
				CODE_SIGN_STYLE = Automatic;
				DEVELOPMENT_TEAM = 8TZB36BTPB;
				IBSC_MODULE = NewsDay_WatchKit_Extension;
				INFOPLIST_FILE = "NewsDay WatchKit App/Info.plist";
				PRODUCT_BUNDLE_IDENTIFIER = com.norbertotaveras.NewsDay.watchkitapp;
				PRODUCT_NAME = "$(TARGET_NAME)";
				SDKROOT = watchos;
				SKIP_INSTALL = YES;
				SWIFT_VERSION = 5.0;
				TARGETED_DEVICE_FAMILY = 4;
				WATCHOS_DEPLOYMENT_TARGET = 5.3;
			};
			name = Debug;
		};
		0E840387233113AE0040B385 /* Release */ = {
			isa = XCBuildConfiguration;
			buildSettings = {
				ALWAYS_EMBED_SWIFT_STANDARD_LIBRARIES = YES;
				ASSETCATALOG_COMPILER_APPICON_NAME = AppIcon;
				CODE_SIGN_STYLE = Automatic;
				DEVELOPMENT_TEAM = 8TZB36BTPB;
				IBSC_MODULE = NewsDay_WatchKit_Extension;
				INFOPLIST_FILE = "NewsDay WatchKit App/Info.plist";
				PRODUCT_BUNDLE_IDENTIFIER = com.norbertotaveras.NewsDay.watchkitapp;
				PRODUCT_NAME = "$(TARGET_NAME)";
				SDKROOT = watchos;
				SKIP_INSTALL = YES;
				SWIFT_VERSION = 5.0;
				TARGETED_DEVICE_FAMILY = 4;
				WATCHOS_DEPLOYMENT_TARGET = 5.3;
			};
			name = Release;
		};
		0E84038A233113AE0040B385 /* Debug */ = {
			isa = XCBuildConfiguration;
			buildSettings = {
				ASSETCATALOG_COMPILER_APPICON_NAME = AppIcon;
				CODE_SIGN_STYLE = Automatic;
				DEVELOPMENT_TEAM = 8TZB36BTPB;
				INFOPLIST_FILE = NewsDay/Info.plist;
				LD_RUNPATH_SEARCH_PATHS = (
					"$(inherited)",
					"@executable_path/Frameworks",
				);
				PRODUCT_BUNDLE_IDENTIFIER = com.norbertotaveras.NewsDay;
				PRODUCT_NAME = "$(TARGET_NAME)";
				SWIFT_VERSION = 5.0;
				TARGETED_DEVICE_FAMILY = "1,2";
			};
			name = Debug;
		};
		0E84038B233113AE0040B385 /* Release */ = {
			isa = XCBuildConfiguration;
			buildSettings = {
				ASSETCATALOG_COMPILER_APPICON_NAME = AppIcon;
				CODE_SIGN_STYLE = Automatic;
				DEVELOPMENT_TEAM = 8TZB36BTPB;
				INFOPLIST_FILE = NewsDay/Info.plist;
				LD_RUNPATH_SEARCH_PATHS = (
					"$(inherited)",
					"@executable_path/Frameworks",
				);
				PRODUCT_BUNDLE_IDENTIFIER = com.norbertotaveras.NewsDay;
				PRODUCT_NAME = "$(TARGET_NAME)";
				SWIFT_VERSION = 5.0;
				TARGETED_DEVICE_FAMILY = "1,2";
			};
			name = Release;
		};
/* End XCBuildConfiguration section */

/* Begin XCConfigurationList section */
		0E84034A233113AC0040B385 /* Build configuration list for PBXProject "NewsDay" */ = {
			isa = XCConfigurationList;
			buildConfigurations = (
				0E84037F233113AE0040B385 /* Debug */,
				0E840380233113AE0040B385 /* Release */,
			);
			defaultConfigurationIsVisible = 0;
			defaultConfigurationName = Release;
		};
		0E840381233113AE0040B385 /* Build configuration list for PBXNativeTarget "NewsDay WatchKit Extension" */ = {
			isa = XCConfigurationList;
			buildConfigurations = (
				0E840382233113AE0040B385 /* Debug */,
				0E840383233113AE0040B385 /* Release */,
			);
			defaultConfigurationIsVisible = 0;
			defaultConfigurationName = Release;
		};
		0E840385233113AE0040B385 /* Build configuration list for PBXNativeTarget "NewsDay WatchKit App" */ = {
			isa = XCConfigurationList;
			buildConfigurations = (
				0E840386233113AE0040B385 /* Debug */,
				0E840387233113AE0040B385 /* Release */,
			);
			defaultConfigurationIsVisible = 0;
			defaultConfigurationName = Release;
		};
		0E840389233113AE0040B385 /* Build configuration list for PBXNativeTarget "NewsDay" */ = {
			isa = XCConfigurationList;
			buildConfigurations = (
				0E84038A233113AE0040B385 /* Debug */,
				0E84038B233113AE0040B385 /* Release */,
			);
			defaultConfigurationIsVisible = 0;
			defaultConfigurationName = Release;
		};
/* End XCConfigurationList section */
	};
	rootObject = 0E840347233113AC0040B385 /* Project object */;
}
